// !$*UTF8*$!
{
	archiveVersion = 1;
	classes = {
	};
	objectVersion = 46;
	objects = {

/* Begin PBXBuildFile section */
		EC6A28531AB6CA0400B4A6F5 /* AppDelegate.swift in Sources */ = {isa = PBXBuildFile; fileRef = EC6A28521AB6CA0400B4A6F5 /* AppDelegate.swift */; };
		EC6A28561AB6CA0400B4A6F5 /* paleowar.xcdatamodeld in Sources */ = {isa = PBXBuildFile; fileRef = EC6A28541AB6CA0400B4A6F5 /* paleowar.xcdatamodeld */; };
		EC6A28581AB6CA0400B4A6F5 /* ViewController.swift in Sources */ = {isa = PBXBuildFile; fileRef = EC6A28571AB6CA0400B4A6F5 /* ViewController.swift */; };
		EC6A285B1AB6CA0400B4A6F5 /* Main.storyboard in Resources */ = {isa = PBXBuildFile; fileRef = EC6A28591AB6CA0400B4A6F5 /* Main.storyboard */; };
		EC6A285D1AB6CA0400B4A6F5 /* Images.xcassets in Resources */ = {isa = PBXBuildFile; fileRef = EC6A285C1AB6CA0400B4A6F5 /* Images.xcassets */; };
		EC6A28601AB6CA0400B4A6F5 /* LaunchScreen.xib in Resources */ = {isa = PBXBuildFile; fileRef = EC6A285E1AB6CA0400B4A6F5 /* LaunchScreen.xib */; };
		EC6A286C1AB6CA0400B4A6F5 /* paleowarTests.swift in Sources */ = {isa = PBXBuildFile; fileRef = EC6A286B1AB6CA0400B4A6F5 /* paleowarTests.swift */; };
/* End PBXBuildFile section */

/* Begin PBXContainerItemProxy section */
		EC6A28661AB6CA0400B4A6F5 /* PBXContainerItemProxy */ = {
			isa = PBXContainerItemProxy;
			containerPortal = EC6A28451AB6CA0400B4A6F5 /* Project object */;
			proxyType = 1;
			remoteGlobalIDString = EC6A284C1AB6CA0400B4A6F5;
			remoteInfo = paleowar;
		};
/* End PBXContainerItemProxy section */

/* Begin PBXFileReference section */
		EC6A284D1AB6CA0400B4A6F5 /* paleowar.app */ = {isa = PBXFileReference; explicitFileType = wrapper.application; includeInIndex = 0; path = paleowar.app; sourceTree = BUILT_PRODUCTS_DIR; };
		EC6A28511AB6CA0400B4A6F5 /* Info.plist */ = {isa = PBXFileReference; lastKnownFileType = text.plist.xml; path = Info.plist; sourceTree = "<group>"; };
		EC6A28521AB6CA0400B4A6F5 /* AppDelegate.swift */ = {isa = PBXFileReference; lastKnownFileType = sourcecode.swift; path = AppDelegate.swift; sourceTree = "<group>"; };
		EC6A28551AB6CA0400B4A6F5 /* paleowar.xcdatamodel */ = {isa = PBXFileReference; lastKnownFileType = wrapper.xcdatamodel; path = paleowar.xcdatamodel; sourceTree = "<group>"; };
		EC6A28571AB6CA0400B4A6F5 /* ViewController.swift */ = {isa = PBXFileReference; lastKnownFileType = sourcecode.swift; path = ViewController.swift; sourceTree = "<group>"; };
		EC6A285A1AB6CA0400B4A6F5 /* Base */ = {isa = PBXFileReference; lastKnownFileType = file.storyboard; name = Base; path = Base.lproj/Main.storyboard; sourceTree = "<group>"; };
		EC6A285C1AB6CA0400B4A6F5 /* Images.xcassets */ = {isa = PBXFileReference; lastKnownFileType = folder.assetcatalog; path = Images.xcassets; sourceTree = "<group>"; };
		EC6A285F1AB6CA0400B4A6F5 /* Base */ = {isa = PBXFileReference; lastKnownFileType = file.xib; name = Base; path = Base.lproj/LaunchScreen.xib; sourceTree = "<group>"; };
		EC6A28651AB6CA0400B4A6F5 /* paleowarTests.xctest */ = {isa = PBXFileReference; explicitFileType = wrapper.cfbundle; includeInIndex = 0; path = paleowarTests.xctest; sourceTree = BUILT_PRODUCTS_DIR; };
		EC6A286A1AB6CA0400B4A6F5 /* Info.plist */ = {isa = PBXFileReference; lastKnownFileType = text.plist.xml; path = Info.plist; sourceTree = "<group>"; };
		EC6A286B1AB6CA0400B4A6F5 /* paleowarTests.swift */ = {isa = PBXFileReference; lastKnownFileType = sourcecode.swift; path = paleowarTests.swift; sourceTree = "<group>"; };
/* End PBXFileReference section */

/* Begin PBXFrameworksBuildPhase section */
		EC6A284A1AB6CA0400B4A6F5 /* Frameworks */ = {
			isa = PBXFrameworksBuildPhase;
			buildActionMask = 2147483647;
			files = (
			);
			runOnlyForDeploymentPostprocessing = 0;
		};
		EC6A28621AB6CA0400B4A6F5 /* Frameworks */ = {
			isa = PBXFrameworksBuildPhase;
			buildActionMask = 2147483647;
			files = (
			);
			runOnlyForDeploymentPostprocessing = 0;
		};
/* End PBXFrameworksBuildPhase section */

/* Begin PBXGroup section */
		EC6A28441AB6CA0400B4A6F5 = {
			isa = PBXGroup;
			children = (
				EC6A284F1AB6CA0400B4A6F5 /* paleowar */,
				EC6A28681AB6CA0400B4A6F5 /* paleowarTests */,
				EC6A284E1AB6CA0400B4A6F5 /* Products */,
			);
			sourceTree = "<group>";
		};
		EC6A284E1AB6CA0400B4A6F5 /* Products */ = {
			isa = PBXGroup;
			children = (
				EC6A284D1AB6CA0400B4A6F5 /* paleowar.app */,
				EC6A28651AB6CA0400B4A6F5 /* paleowarTests.xctest */,
			);
			name = Products;
			sourceTree = "<group>";
		};
		EC6A284F1AB6CA0400B4A6F5 /* paleowar */ = {
			isa = PBXGroup;
			children = (
				EC6A28521AB6CA0400B4A6F5 /* AppDelegate.swift */,
				EC6A28571AB6CA0400B4A6F5 /* ViewController.swift */,
				EC6A28591AB6CA0400B4A6F5 /* Main.storyboard */,
				EC6A285C1AB6CA0400B4A6F5 /* Images.xcassets */,
				EC6A285E1AB6CA0400B4A6F5 /* LaunchScreen.xib */,
				EC6A28541AB6CA0400B4A6F5 /* paleowar.xcdatamodeld */,
				EC6A28501AB6CA0400B4A6F5 /* Supporting Files */,
			);
			path = paleowar;
			sourceTree = "<group>";
		};
		EC6A28501AB6CA0400B4A6F5 /* Supporting Files */ = {
			isa = PBXGroup;
			children = (
				EC6A28511AB6CA0400B4A6F5 /* Info.plist */,
			);
			name = "Supporting Files";
			sourceTree = "<group>";
		};
		EC6A28681AB6CA0400B4A6F5 /* paleowarTests */ = {
			isa = PBXGroup;
			children = (
				EC6A286B1AB6CA0400B4A6F5 /* paleowarTests.swift */,
				EC6A28691AB6CA0400B4A6F5 /* Supporting Files */,
			);
			path = paleowarTests;
			sourceTree = "<group>";
		};
		EC6A28691AB6CA0400B4A6F5 /* Supporting Files */ = {
			isa = PBXGroup;
			children = (
				EC6A286A1AB6CA0400B4A6F5 /* Info.plist */,
			);
			name = "Supporting Files";
			sourceTree = "<group>";
		};
/* End PBXGroup section */

/* Begin PBXNativeTarget section */
		EC6A284C1AB6CA0400B4A6F5 /* paleowar */ = {
			isa = PBXNativeTarget;
			buildConfigurationList = EC6A286F1AB6CA0400B4A6F5 /* Build configuration list for PBXNativeTarget "paleowar" */;
			buildPhases = (
				EC6A28491AB6CA0400B4A6F5 /* Sources */,
				EC6A284A1AB6CA0400B4A6F5 /* Frameworks */,
				EC6A284B1AB6CA0400B4A6F5 /* Resources */,
			);
			buildRules = (
			);
			dependencies = (
			);
			name = paleowar;
			productName = paleowar;
			productReference = EC6A284D1AB6CA0400B4A6F5 /* paleowar.app */;
			productType = "com.apple.product-type.application";
		};
		EC6A28641AB6CA0400B4A6F5 /* paleowarTests */ = {
			isa = PBXNativeTarget;
			buildConfigurationList = EC6A28721AB6CA0400B4A6F5 /* Build configuration list for PBXNativeTarget "paleowarTests" */;
			buildPhases = (
				EC6A28611AB6CA0400B4A6F5 /* Sources */,
				EC6A28621AB6CA0400B4A6F5 /* Frameworks */,
				EC6A28631AB6CA0400B4A6F5 /* Resources */,
			);
			buildRules = (
			);
			dependencies = (
				EC6A28671AB6CA0400B4A6F5 /* PBXTargetDependency */,
			);
			name = paleowarTests;
			productName = paleowarTests;
			productReference = EC6A28651AB6CA0400B4A6F5 /* paleowarTests.xctest */;
			productType = "com.apple.product-type.bundle.unit-test";
		};
/* End PBXNativeTarget section */

/* Begin PBXProject section */
		EC6A28451AB6CA0400B4A6F5 /* Project object */ = {
			isa = PBXProject;
			attributes = {
				LastUpgradeCheck = 0620;
				ORGANIZATIONNAME = "le groupe des quatres";
				TargetAttributes = {
					EC6A284C1AB6CA0400B4A6F5 = {
						CreatedOnToolsVersion = 6.2;
					};
					EC6A28641AB6CA0400B4A6F5 = {
						CreatedOnToolsVersion = 6.2;
						TestTargetID = EC6A284C1AB6CA0400B4A6F5;
					};
				};
			};
			buildConfigurationList = EC6A28481AB6CA0400B4A6F5 /* Build configuration list for PBXProject "paleowar" */;
			compatibilityVersion = "Xcode 3.2";
			developmentRegion = English;
			hasScannedForEncodings = 0;
			knownRegions = (
				en,
				Base,
			);
			mainGroup = EC6A28441AB6CA0400B4A6F5;
			productRefGroup = EC6A284E1AB6CA0400B4A6F5 /* Products */;
			projectDirPath = "";
			projectRoot = "";
			targets = (
				EC6A284C1AB6CA0400B4A6F5 /* paleowar */,
				EC6A28641AB6CA0400B4A6F5 /* paleowarTests */,
			);
		};
/* End PBXProject section */

/* Begin PBXResourcesBuildPhase section */
		EC6A284B1AB6CA0400B4A6F5 /* Resources */ = {
			isa = PBXResourcesBuildPhase;
			buildActionMask = 2147483647;
			files = (
				EC6A285B1AB6CA0400B4A6F5 /* Main.storyboard in Resources */,
				EC6A28601AB6CA0400B4A6F5 /* LaunchScreen.xib in Resources */,
				EC6A285D1AB6CA0400B4A6F5 /* Images.xcassets in Resources */,
			);
			runOnlyForDeploymentPostprocessing = 0;
		};
		EC6A28631AB6CA0400B4A6F5 /* Resources */ = {
			isa = PBXResourcesBuildPhase;
			buildActionMask = 2147483647;
			files = (
			);
			runOnlyForDeploymentPostprocessing = 0;
		};
/* End PBXResourcesBuildPhase section */

/* Begin PBXSourcesBuildPhase section */
		EC6A28491AB6CA0400B4A6F5 /* Sources */ = {
			isa = PBXSourcesBuildPhase;
			buildActionMask = 2147483647;
			files = (
				EC6A28581AB6CA0400B4A6F5 /* ViewController.swift in Sources */,
				EC6A28561AB6CA0400B4A6F5 /* paleowar.xcdatamodeld in Sources */,
				EC6A28531AB6CA0400B4A6F5 /* AppDelegate.swift in Sources */,
			);
			runOnlyForDeploymentPostprocessing = 0;
		};
		EC6A28611AB6CA0400B4A6F5 /* Sources */ = {
			isa = PBXSourcesBuildPhase;
			buildActionMask = 2147483647;
			files = (
				EC6A286C1AB6CA0400B4A6F5 /* paleowarTests.swift in Sources */,
			);
			runOnlyForDeploymentPostprocessing = 0;
		};
/* End PBXSourcesBuildPhase section */

/* Begin PBXTargetDependency section */
		EC6A28671AB6CA0400B4A6F5 /* PBXTargetDependency */ = {
			isa = PBXTargetDependency;
			target = EC6A284C1AB6CA0400B4A6F5 /* paleowar */;
			targetProxy = EC6A28661AB6CA0400B4A6F5 /* PBXContainerItemProxy */;
		};
/* End PBXTargetDependency section */

/* Begin PBXVariantGroup section */
		EC6A28591AB6CA0400B4A6F5 /* Main.storyboard */ = {
			isa = PBXVariantGroup;
			children = (
				EC6A285A1AB6CA0400B4A6F5 /* Base */,
			);
			name = Main.storyboard;
			sourceTree = "<group>";
		};
		EC6A285E1AB6CA0400B4A6F5 /* LaunchScreen.xib */ = {
			isa = PBXVariantGroup;
			children = (
				EC6A285F1AB6CA0400B4A6F5 /* Base */,
			);
			name = LaunchScreen.xib;
			sourceTree = "<group>";
		};
/* End PBXVariantGroup section */

/* Begin XCBuildConfiguration section */
		EC6A286D1AB6CA0400B4A6F5 /* Debug */ = {
			isa = XCBuildConfiguration;
			buildSettings = {
				ALWAYS_SEARCH_USER_PATHS = NO;
				CLANG_CXX_LANGUAGE_STANDARD = "gnu++0x";
				CLANG_CXX_LIBRARY = "libc++";
				CLANG_ENABLE_MODULES = YES;
				CLANG_ENABLE_OBJC_ARC = YES;
				CLANG_WARN_BOOL_CONVERSION = YES;
				CLANG_WARN_CONSTANT_CONVERSION = YES;
				CLANG_WARN_DIRECT_OBJC_ISA_USAGE = YES_ERROR;
				CLANG_WARN_EMPTY_BODY = YES;
				CLANG_WARN_ENUM_CONVERSION = YES;
				CLANG_WARN_INT_CONVERSION = YES;
				CLANG_WARN_OBJC_ROOT_CLASS = YES_ERROR;
				CLANG_WARN_UNREACHABLE_CODE = YES;
				CLANG_WARN__DUPLICATE_METHOD_MATCH = YES;
				"CODE_SIGN_IDENTITY[sdk=iphoneos*]" = "iPhone Developer";
				COPY_PHASE_STRIP = NO;
				ENABLE_STRICT_OBJC_MSGSEND = YES;
				GCC_C_LANGUAGE_STANDARD = gnu99;
				GCC_DYNAMIC_NO_PIC = NO;
				GCC_OPTIMIZATION_LEVEL = 0;
				GCC_PREPROCESSOR_DEFINITIONS = (
					"DEBUG=1",
					"$(inherited)",
				);
				GCC_SYMBOLS_PRIVATE_EXTERN = NO;
				GCC_WARN_64_TO_32_BIT_CONVERSION = YES;
				GCC_WARN_ABOUT_RETURN_TYPE = YES_ERROR;
				GCC_WARN_UNDECLARED_SELECTOR = YES;
				GCC_WARN_UNINITIALIZED_AUTOS = YES_AGGRESSIVE;
				GCC_WARN_UNUSED_FUNCTION = YES;
				GCC_WARN_UNUSED_VARIABLE = YES;
				IPHONEOS_DEPLOYMENT_TARGET = 8.2;
				MTL_ENABLE_DEBUG_INFO = YES;
				ONLY_ACTIVE_ARCH = YES;
				SDKROOT = iphoneos;
				SWIFT_OPTIMIZATION_LEVEL = "-Onone";
				TARGETED_DEVICE_FAMILY = "1,2";
			};
			name = Debug;
		};
		EC6A286E1AB6CA0400B4A6F5 /* Release */ = {
			isa = XCBuildConfiguration;
			buildSettings = {
				ALWAYS_SEARCH_USER_PATHS = NO;
				CLANG_CXX_LANGUAGE_STANDARD = "gnu++0x";
				CLANG_CXX_LIBRARY = "libc++";
				CLANG_ENABLE_MODULES = YES;
				CLANG_ENABLE_OBJC_ARC = YES;
				CLANG_WARN_BOOL_CONVERSION = YES;
				CLANG_WARN_CONSTANT_CONVERSION = YES;
				CLANG_WARN_DIRECT_OBJC_ISA_USAGE = YES_ERROR;
				CLANG_WARN_EMPTY_BODY = YES;
				CLANG_WARN_ENUM_CONVERSION = YES;
				CLANG_WARN_INT_CONVERSION = YES;
				CLANG_WARN_OBJC_ROOT_CLASS = YES_ERROR;
				CLANG_WARN_UNREACHABLE_CODE = YES;
				CLANG_WARN__DUPLICATE_METHOD_MATCH = YES;
				"CODE_SIGN_IDENTITY[sdk=iphoneos*]" = "iPhone Developer";
				COPY_PHASE_STRIP = NO;
				ENABLE_NS_ASSERTIONS = NO;
				ENABLE_STRICT_OBJC_MSGSEND = YES;
				GCC_C_LANGUAGE_STANDARD = gnu99;
				GCC_WARN_64_TO_32_BIT_CONVERSION = YES;
				GCC_WARN_ABOUT_RETURN_TYPE = YES_ERROR;
				GCC_WARN_UNDECLARED_SELECTOR = YES;
				GCC_WARN_UNINITIALIZED_AUTOS = YES_AGGRESSIVE;
				GCC_WARN_UNUSED_FUNCTION = YES;
				GCC_WARN_UNUSED_VARIABLE = YES;
				IPHONEOS_DEPLOYMENT_TARGET = 8.2;
				MTL_ENABLE_DEBUG_INFO = NO;
				SDKROOT = iphoneos;
				TARGETED_DEVICE_FAMILY = "1,2";
				VALIDATE_PRODUCT = YES;
			};
			name = Release;
		};
		EC6A28701AB6CA0400B4A6F5 /* Debug */ = {
			isa = XCBuildConfiguration;
			buildSettings = {
				ASSETCATALOG_COMPILER_APPICON_NAME = AppIcon;
				INFOPLIST_FILE = paleowar/Info.plist;
				LD_RUNPATH_SEARCH_PATHS = "$(inherited) @executable_path/Frameworks";
				PRODUCT_NAME = "$(TARGET_NAME)";
			};
			name = Debug;
		};
		EC6A28711AB6CA0400B4A6F5 /* Release */ = {
			isa = XCBuildConfiguration;
			buildSettings = {
				ASSETCATALOG_COMPILER_APPICON_NAME = AppIcon;
				INFOPLIST_FILE = paleowar/Info.plist;
				LD_RUNPATH_SEARCH_PATHS = "$(inherited) @executable_path/Frameworks";
				PRODUCT_NAME = "$(TARGET_NAME)";
			};
			name = Release;
		};
		EC6A28731AB6CA0400B4A6F5 /* Debug */ = {
			isa = XCBuildConfiguration;
			buildSettings = {
				BUNDLE_LOADER = "$(TEST_HOST)";
				FRAMEWORK_SEARCH_PATHS = (
					"$(SDKROOT)/Developer/Library/Frameworks",
					"$(inherited)",
				);
				GCC_PREPROCESSOR_DEFINITIONS = (
					"DEBUG=1",
					"$(inherited)",
				);
				INFOPLIST_FILE = paleowarTests/Info.plist;
				LD_RUNPATH_SEARCH_PATHS = "$(inherited) @executable_path/Frameworks @loader_path/Frameworks";
				PRODUCT_NAME = "$(TARGET_NAME)";
				TEST_HOST = "$(BUILT_PRODUCTS_DIR)/paleowar.app/paleowar";
			};
			name = Debug;
		};
		EC6A28741AB6CA0400B4A6F5 /* Release */ = {
			isa = XCBuildConfiguration;
			buildSettings = {
				BUNDLE_LOADER = "$(TEST_HOST)";
				FRAMEWORK_SEARCH_PATHS = (
					"$(SDKROOT)/Developer/Library/Frameworks",
					"$(inherited)",
				);
				INFOPLIST_FILE = paleowarTests/Info.plist;
				LD_RUNPATH_SEARCH_PATHS = "$(inherited) @executable_path/Frameworks @loader_path/Frameworks";
				PRODUCT_NAME = "$(TARGET_NAME)";
				TEST_HOST = "$(BUILT_PRODUCTS_DIR)/paleowar.app/paleowar";
			};
			name = Release;
		};
/* End XCBuildConfiguration section */

/* Begin XCConfigurationList section */
		EC6A28481AB6CA0400B4A6F5 /* Build configuration list for PBXProject "paleowar" */ = {
			isa = XCConfigurationList;
			buildConfigurations = (
				EC6A286D1AB6CA0400B4A6F5 /* Debug */,
				EC6A286E1AB6CA0400B4A6F5 /* Release */,
			);
			defaultConfigurationIsVisible = 0;
			defaultConfigurationName = Release;
		};
		EC6A286F1AB6CA0400B4A6F5 /* Build configuration list for PBXNativeTarget "paleowar" */ = {
			isa = XCConfigurationList;
			buildConfigurations = (
				EC6A28701AB6CA0400B4A6F5 /* Debug */,
				EC6A28711AB6CA0400B4A6F5 /* Release */,
			);
			defaultConfigurationIsVisible = 0;
		};
		EC6A28721AB6CA0400B4A6F5 /* Build configuration list for PBXNativeTarget "paleowarTests" */ = {
			isa = XCConfigurationList;
			buildConfigurations = (
				EC6A28731AB6CA0400B4A6F5 /* Debug */,
				EC6A28741AB6CA0400B4A6F5 /* Release */,
			);
			defaultConfigurationIsVisible = 0;
		};
/* End XCConfigurationList section */

/* Begin XCVersionGroup section */
		EC6A28541AB6CA0400B4A6F5 /* paleowar.xcdatamodeld */ = {
			isa = XCVersionGroup;
			children = (
				EC6A28551AB6CA0400B4A6F5 /* paleowar.xcdatamodel */,
			);
			currentVersion = EC6A28551AB6CA0400B4A6F5 /* paleowar.xcdatamodel */;
			path = paleowar.xcdatamodeld;
			sourceTree = "<group>";
			versionGroupType = wrapper.xcdatamodel;
		};
/* End XCVersionGroup section */
	};
	rootObject = EC6A28451AB6CA0400B4A6F5 /* Project object */;
}
